
Microsoft Visual Studio Solution File, Format Version 12.00
# Visual Studio Version 17
VisualStudioVersion = 17.10.35013.160
MinimumVisualStudioVersion = 10.0.40219.1
Project("{FAE04EC0-301F-11D3-BF4B-00C04F79EFBC}") = "ExperimentFileFinder", "ExperimentFileFinder.csproj", "{7E2C31C4-61A9-47CC-8A1B-ABB70AEE7FDE}"
EndProject
Global
	GlobalSection(SolutionConfigurationPlatforms) = preSolution
		Debug|Any CPU = Debug|Any CPU
		Release|Any CPU = Release|Any CPU
	EndGlobalSection
	GlobalSection(ProjectConfigurationPlatforms) = postSolution
		{7E2C31C4-61A9-47CC-8A1B-ABB70AEE7FDE}.Debug|Any CPU.ActiveCfg = Debug|Any CPU
		{7E2C31C4-61A9-47CC-8A1B-ABB70AEE7FDE}.Debug|Any CPU.Build.0 = Debug|Any CPU
		{7E2C31C4-61A9-47CC-8A1B-ABB70AEE7FDE}.Release|Any CPU.ActiveCfg = Release|Any CPU
		{7E2C31C4-61A9-47CC-8A1B-ABB70AEE7FDE}.Release|Any CPU.Build.0 = Release|Any CPU
	EndGlobalSection
	GlobalSection(SolutionProperties) = preSolution
		HideSolutionNode = FALSE
	EndGlobalSection
	GlobalSection(ExtensibilityGlobals) = postSolution
		SolutionGuid = {F46F14C9-21DD-4F1B-817A-C1AEF8D438D9}
	EndGlobalSection
EndGlobal
